{
    "_readme": [
        "This file locks the dependencies of your project to a known state",
        "Read more about it at https://getcomposer.org/doc/01-basic-usage.md#composer-lock-the-lock-file",
        "This file is @generated automatically"
    ],
    "hash": "68fbf9323e7d2f3d5c78251b74682cd8",
    "content-hash": "705ea51adbb19d552d0ebac18e12264c",
    "packages": [
        {
            "name": "browscap/browscap-php",
            "version": "2.0.5",
            "source": {
                "type": "git",
                "url": "https://github.com/browscap/browscap-php.git",
                "reference": "f8036cff1ceae1337a9176a8e9111ff856be10a6"
            },
            "dist": {
                "type": "zip",
                "url": "https://api.github.com/repos/browscap/browscap-php/zipball/f8036cff1ceae1337a9176a8e9111ff856be10a6",
                "reference": "f8036cff1ceae1337a9176a8e9111ff856be10a6",
                "shasum": ""
            },
            "require": {
                "php": ">=5.3.0"
            },
            "require-dev": {
                "phpunit/phpunit": "*"
            },
            "type": "library",
            "autoload": {
                "psr-0": {
                    "phpbrowscap\\": "src/"
                }
            },
            "notification-url": "https://packagist.org/downloads/",
            "license": [
                "MIT"
            ],
            "authors": [
                {
                    "name": "Jonathan Stoppani",
                    "email": "jonathan.stoppani@gmail.com"
                },
                {
                    "name": "Thomas Mueller",
                    "email": "t_mueller_stolzenhain@yahoo.de"
                },
                {
                    "name": "James Titcumb",
                    "email": "james@asgrim.com"
                }
            ],
            "description": "Standalone replacement for php's native get_browser() function",
            "homepage": "https://github.com/browscap/browscap-php",
            "keywords": [
                "browser",
                "capabilities",
                "get_browser",
                "user agent"
            ],
            "time": "2015-06-26 22:08:22"
        }
    ],
    "packages-dev": [],
    "aliases": [],
    "minimum-stability": "stable",
    "stability-flags": [],
    "prefer-stable": false,
    "prefer-lowest": false,
    "platform": [],
    "platform-dev": []
}
